
Microsoft Visual Studio Solution File, Format Version 12.00
# Visual Studio Version 16
VisualStudioVersion = 16.0.31613.86
MinimumVisualStudioVersion = 10.0.40219.1
Project("{FAE04EC0-301F-11D3-BF4B-00C04F79EFBC}") = "Clase2909", "Clase2909\Clase2909.csproj", "{B6D808F3-0CEC-4413-A54B-86508318993E}"
EndProject
Global
	GlobalSection(SolutionConfigurationPlatforms) = preSolution
		Debug|Any CPU = Debug|Any CPU
		Release|Any CPU = Release|Any CPU
	EndGlobalSection
	GlobalSection(ProjectConfigurationPlatforms) = postSolution
		{B6D808F3-0CEC-4413-A54B-86508318993E}.Debug|Any CPU.ActiveCfg = Debug|Any CPU
		{B6D808F3-0CEC-4413-A54B-86508318993E}.Debug|Any CPU.Build.0 = Debug|Any CPU
		{B6D808F3-0CEC-4413-A54B-86508318993E}.Release|Any CPU.ActiveCfg = Release|Any CPU
		{B6D808F3-0CEC-4413-A54B-86508318993E}.Release|Any CPU.Build.0 = Release|Any CPU
	EndGlobalSection
	GlobalSection(SolutionProperties) = preSolution
		HideSolutionNode = FALSE
	EndGlobalSection
	GlobalSection(ExtensibilityGlobals) = postSolution
		SolutionGuid = {5B8C549A-06FA-426B-96E5-8C2E9C2DCCF2}
	EndGlobalSection
EndGlobal
